
Microsoft Visual Studio Solution File, Format Version 12.00
# Visual Studio Version 17
VisualStudioVersion = 17.8.34330.188
MinimumVisualStudioVersion = 10.0.40219.1
Project("{9A19103F-16F7-4668-BE54-9A1E7A4F7556}") = "WebApplication", "WebApplication\WebApplication.csproj", "{5ACFB04F-F561-4150-900B-ED74A154B832}"
EndProject
Project("{FAE04EC0-301F-11D3-BF4B-00C04F79EFBC}") = "WebTest", "WebTest\WebTest.csproj", "{80BBF295-D553-4FF6-AD79-DC965E1E12C0}"
	ProjectSection(ProjectDependencies) = postProject
		{5ACFB04F-F561-4150-900B-ED74A154B832} = {5ACFB04F-F561-4150-900B-ED74A154B832}
	EndProjectSection
EndProject
Global
	GlobalSection(SolutionConfigurationPlatforms) = preSolution
		Debug|Any CPU = Debug|Any CPU
		Release|Any CPU = Release|Any CPU
	EndGlobalSection
	GlobalSection(ProjectConfigurationPlatforms) = postSolution
		{5ACFB04F-F561-4150-900B-ED74A154B832}.Debug|Any CPU.ActiveCfg = Debug|Any CPU
		{5ACFB04F-F561-4150-900B-ED74A154B832}.Debug|Any CPU.Build.0 = Debug|Any CPU
		{5ACFB04F-F561-4150-900B-ED74A154B832}.Release|Any CPU.ActiveCfg = Release|Any CPU
		{5ACFB04F-F561-4150-900B-ED74A154B832}.Release|Any CPU.Build.0 = Release|Any CPU
		{80BBF295-D553-4FF6-AD79-DC965E1E12C0}.Debug|Any CPU.ActiveCfg = Debug|Any CPU
		{80BBF295-D553-4FF6-AD79-DC965E1E12C0}.Debug|Any CPU.Build.0 = Debug|Any CPU
		{80BBF295-D553-4FF6-AD79-DC965E1E12C0}.Release|Any CPU.ActiveCfg = Release|Any CPU
		{80BBF295-D553-4FF6-AD79-DC965E1E12C0}.Release|Any CPU.Build.0 = Release|Any CPU
	EndGlobalSection
	GlobalSection(SolutionProperties) = preSolution
		HideSolutionNode = FALSE
	EndGlobalSection
	GlobalSection(ExtensibilityGlobals) = postSolution
		SolutionGuid = {97555377-1AC0-4BE0-B271-4D30B9158F42}
	EndGlobalSection
EndGlobal
