
Microsoft Visual Studio Solution File, Format Version 12.00
# Visual Studio Version 17
VisualStudioVersion = 17.6.33801.468
MinimumVisualStudioVersion = 10.0.40219.1
Project("{FAE04EC0-301F-11D3-BF4B-00C04F79EFBC}") = "Viewer", "Viewer\Viewer.csproj", "{17ED4495-702E-47B8-8AB0-C4851C8D100F}"
EndProject
Global
	GlobalSection(SolutionConfigurationPlatforms) = preSolution
		Debug|Any CPU = Debug|Any CPU
		Release|Any CPU = Release|Any CPU
	EndGlobalSection
	GlobalSection(ProjectConfigurationPlatforms) = postSolution
		{17ED4495-702E-47B8-8AB0-C4851C8D100F}.Debug|Any CPU.ActiveCfg = Debug|Any CPU
		{17ED4495-702E-47B8-8AB0-C4851C8D100F}.Debug|Any CPU.Build.0 = Debug|Any CPU
		{17ED4495-702E-47B8-8AB0-C4851C8D100F}.Release|Any CPU.ActiveCfg = Release|Any CPU
		{17ED4495-702E-47B8-8AB0-C4851C8D100F}.Release|Any CPU.Build.0 = Release|Any CPU
	EndGlobalSection
	GlobalSection(SolutionProperties) = preSolution
		HideSolutionNode = FALSE
	EndGlobalSection
	GlobalSection(ExtensibilityGlobals) = postSolution
		SolutionGuid = {5362C88D-A047-4FC1-A699-B1E97F85AC5D}
	EndGlobalSection
EndGlobal
