
Microsoft Visual Studio Solution File, Format Version 12.00
# Visual Studio Version 17
VisualStudioVersion = 17.6.33801.468
MinimumVisualStudioVersion = 10.0.40219.1
Project("{9A19103F-16F7-4668-BE54-9A1E7A4F7556}") = "MainProgram", "MainProgram\MainProgram.csproj", "{F34A2ABF-ACE9-4137-AB76-184F0820F7F2}"
EndProject
Global
	GlobalSection(SolutionConfigurationPlatforms) = preSolution
		Debug|Any CPU = Debug|Any CPU
		Release|Any CPU = Release|Any CPU
	EndGlobalSection
	GlobalSection(ProjectConfigurationPlatforms) = postSolution
		{F34A2ABF-ACE9-4137-AB76-184F0820F7F2}.Debug|Any CPU.ActiveCfg = Debug|Any CPU
		{F34A2ABF-ACE9-4137-AB76-184F0820F7F2}.Debug|Any CPU.Build.0 = Debug|Any CPU
		{F34A2ABF-ACE9-4137-AB76-184F0820F7F2}.Release|Any CPU.ActiveCfg = Release|Any CPU
		{F34A2ABF-ACE9-4137-AB76-184F0820F7F2}.Release|Any CPU.Build.0 = Release|Any CPU
	EndGlobalSection
	GlobalSection(SolutionProperties) = preSolution
		HideSolutionNode = FALSE
	EndGlobalSection
	GlobalSection(ExtensibilityGlobals) = postSolution
		SolutionGuid = {1DEE322A-FCFA-4E82-B693-6C14F173D180}
	EndGlobalSection
EndGlobal
